{"version":4,"terraform_version":"1.10.5","serial":11,"lineage":"38adc458-7c93-2f79-f397-5e4bf30cb06c","outputs":{"server_ip":{"value":"64.176.203.116","type":"string"},"server_label":{"value":"minimal-vultr-server","type":"string"},"ssh_key_id":{"value":"4b0749c5-a41e-4b27-a82f-713f29401e33","type":"string"}},"resources":[{"mode":"data","type":"vultr_ssh_key","name":"my_key","provider":"provider[\"registry.opentofu.org/vultr/vultr\"]","instances":[{"schema_version":0,"attributes":{"date_created":"2025-08-23T13:02:19+00:00","filter":[{"name":"name","values":["vultr_account_public_ssh_key"]}],"id":"4b0749c5-a41e-4b27-a82f-713f29401e33","name":"vultr_account_public_ssh_key","ssh_key":"ssh-ed25519 AAAAC3NzaC1lZDI1NTE5AAAAIMEa7ffR7b3un2fgbhjpdLSLXo2w7w3VRHxRLZVemDcw vultr_key"},"sensitive_attributes":[]}]},{"mode":"managed","type":"vultr_instance","name":"my_server","provider":"provider[\"registry.opentofu.org/vultr/vultr\"]","instances":[{"schema_version":0,"attributes":{"activation_email":null,"allowed_bandwidth":1,"app_id":0,"app_variables":null,"backups":"disabled","backups_schedule":[],"date_created":"2025-08-24T09:21:11+00:00","ddos_protection":false,"default_password":"R2q[bPbVXTf5V[Qr","disable_public_ipv4":null,"disk":25,"enable_ipv6":null,"features":[],"firewall_group_id":"","gateway_v4":"64.176.202.1","hostname":"vultr.guest","id":"26e26bfc-c0bb-431d-921e-192a207e0dd8","image_id":null,"internal_ip":"","ipxe_chain_url":null,"iso_id":null,"kvm":"https://my.vultr.com/subs/vps/novnc/api.php?data=djJ8S3M4MF9ObXlJUkFHSzhjcEtlcXAxb1l2Y0NiR1g3d0p8n5i_txoltz-b7cktYFzYg9rUmpjUhStaguRPuZr0SCvEDbBfcDtWvp4yHtYdZcz-8yMruUowdiO2MPgf2n8oViS4OrnmS2DxrDwwo69SO-BTfdq-MmtPywg3CgM8AuRd69SlxEqWS8ap_77CDq6PjwGd7rhlMOexhiSA9ub6HOsb2AYLUujcY0hE-03hkwQ","label":"minimal-vultr-server","main_ip":"64.176.203.116","netmask_v4":"255.255.254.0","os":"Ubuntu 22.04 x64","os_id":1743,"plan":"vc2-1c-1gb","power_status":"running","ram":1024,"region":"ewr","reserved_ip_id":null,"script_id":null,"server_status":"ok","snapshot_id":null,"ssh_key_ids":["4b0749c5-a41e-4b27-a82f-713f29401e33"],"status":"active","tags":null,"timeouts":null,"user_data":null,"user_scheme":"root","v6_main_ip":"","v6_network":"","v6_network_size":0,"vcpu_count":1,"vpc2_ids":null,"vpc_ids":[]},"sensitive_attributes":[[{"type":"get_attr","value":"default_password"}]],"private":"eyJlMmJmYjczMC1lY2FhLTExZTYtOGY4OC0zNDM2M2JjN2M0YzAiOnsiY3JlYXRlIjozNjAwMDAwMDAwMDAwLCJ1cGRhdGUiOjM2MDAwMDAwMDAwMDB9fQ==","dependencies":["data.vultr_ssh_key.my_key"]}]}],"check_results":null}
